{
  "requires": true,
  "lockfileVersion": 1,
  "dependencies": {
    "@jitbit/htmlsanitizer": {
      "version": "2.0.2",
      "resolved": "https://registry.npmjs.org/@jitbit/htmlsanitizer/-/htmlsanitizer-2.0.2.tgz",
      "integrity": "sha512-1qFfGv9DBbsXU9LskKHeuW65drI6/9p0qua5F2SaRyDnBqTnA194HWs5MaOj5DgwOWcrJFRd18S8t5gE3WJ19w=="
    },
    "@types/jquery": {
      "version": "3.3.36",
      "resolved": "https://registry.npmjs.org/@types/jquery/-/jquery-3.3.36.tgz",
      "integrity": "sha1-qGjBwkSp97mI2PxWoyNPIuc8V7g=",
      "requires": {
        "@types/sizzle": "*"
      }
    },
    "@types/sizzle": {
      "version": "2.3.2",
      "resolved": "https://registry.npmjs.org/@types/sizzle/-/sizzle-2.3.2.tgz",
      "integrity": "sha1-qBG4wY4rq6t9VCszZYh64uTZ3kc="
    }
  }
}
